{
  "name": "typescriptDemo",
  "version": "1.0.0",
  "lockfileVersion": 1,
  "requires": true,
  "dependencies": {
    "@types/node": {
      "version": "11.10.4",
      "resolved": "http://registry.npm.taobao.org/@types/node/download/@types/node-11.10.4.tgz",
      "integrity": "sha1-P1/E8PMigF8AngCrNaL/PWt3jkI="
    }
  }
}
